
Microsoft Visual Studio Solution File, Format Version 12.00
# Visual Studio Version 16
VisualStudioVersion = 16.0.29920.165
MinimumVisualStudioVersion = 10.0.40219.1
Project("{FAE04EC0-301F-11D3-BF4B-00C04F79EFBC}") = "ajax", "ajax\ajax.csproj", "{A2066182-ED3D-41FB-870A-9DECE3D20A72}"
EndProject
Global
	GlobalSection(SolutionConfigurationPlatforms) = preSolution
		Debug|Any CPU = Debug|Any CPU
		Release|Any CPU = Release|Any CPU
	EndGlobalSection
	GlobalSection(ProjectConfigurationPlatforms) = postSolution
		{A2066182-ED3D-41FB-870A-9DECE3D20A72}.Debug|Any CPU.ActiveCfg = Debug|Any CPU
		{A2066182-ED3D-41FB-870A-9DECE3D20A72}.Debug|Any CPU.Build.0 = Debug|Any CPU
		{A2066182-ED3D-41FB-870A-9DECE3D20A72}.Release|Any CPU.ActiveCfg = Release|Any CPU
		{A2066182-ED3D-41FB-870A-9DECE3D20A72}.Release|Any CPU.Build.0 = Release|Any CPU
	EndGlobalSection
	GlobalSection(SolutionProperties) = preSolution
		HideSolutionNode = FALSE
	EndGlobalSection
	GlobalSection(ExtensibilityGlobals) = postSolution
		SolutionGuid = {6F5A4698-BEED-4DBA-B19D-812EFD8B6AED}
	EndGlobalSection
EndGlobal
